
Microsoft Visual Studio Solution File, Format Version 12.00
# Visual Studio Express 2013 for Web
VisualStudioVersion = 12.0.31101.0
MinimumVisualStudioVersion = 10.0.40219.1
Project("{FAE04EC0-301F-11D3-BF4B-00C04F79EFBC}") = "DuplicatesInArray", "DuplicatesInArray\DuplicatesInArray.csproj", "{455B7AC2-3053-47C1-858F-164A25F9ACA3}"
EndProject
Project("{FAE04EC0-301F-11D3-BF4B-00C04F79EFBC}") = "MaximumSubArraySum", "MaximumSubArraySum\MaximumSubArraySum.csproj", "{D9F87B59-68E1-44FC-BF5B-51794E619B8D}"
EndProject
Project("{FAE04EC0-301F-11D3-BF4B-00C04F79EFBC}") = "DrawCircleWithoutFloatComputations", "DrawCircleWithoutFloatComputations\DrawCircleWithoutFloatComputations.csproj", "{0DEECB92-E832-43F6-931F-8AEC6B27C390}"
EndProject
Project("{FAE04EC0-301F-11D3-BF4B-00C04F79EFBC}") = "LongToString", "LongToString\LongToString.csproj", "{C610A0A7-EFEB-4F36-9BE8-542CB03F477B}"
EndProject
Project("{FAE04EC0-301F-11D3-BF4B-00C04F79EFBC}") = "IfPowerOfTwo", "IfPowerOfTwo\IfPowerOfTwo.csproj", "{079B9DA9-6458-4E80-A1BC-2F2CFC7EC883}"
EndProject
Project("{FAE04EC0-301F-11D3-BF4B-00C04F79EFBC}") = "7_ReverseWords", "7_ReverseWords\7_ReverseWords.csproj", "{C5CB8401-B37C-4E04-B6A7-21A546B0811F}"
EndProject
Project("{FAE04EC0-301F-11D3-BF4B-00C04F79EFBC}") = "UnitTests", "UnitTests\UnitTests.csproj", "{05CD5C94-8ACF-4D4E-9D41-3481C486B2D5}"
EndProject
Project("{2150E333-8FDC-42A3-9474-1A3956D46DE8}") = "CountOncesInNBitValue", "CountOncesInNBitValue", "{22CC073A-2BC8-4838-90B9-32F49FDD6568}"
EndProject
Project("{FAE04EC0-301F-11D3-BF4B-00C04F79EFBC}") = "CountOnces", "CountOnces\CountOnces.csproj", "{6ACED2A9-EBEF-45C1-BD7D-9B8275B06F48}"
EndProject
Project("{FAE04EC0-301F-11D3-BF4B-00C04F79EFBC}") = "CountOncesTests", "CountOncesTests\CountOncesTests.csproj", "{FF04F7F2-D84B-4D5F-A5F1-9003E3E610FD}"
EndProject
Project("{FAE04EC0-301F-11D3-BF4B-00C04F79EFBC}") = "FindLowestCommon", "FindLowestCommon\FindLowestCommon.csproj", "{5F6BABF6-CC01-4688-A7E9-DC4C45D37855}"
EndProject
Project("{FAE04EC0-301F-11D3-BF4B-00C04F79EFBC}") = "HorizontalLinks", "HorizontalLinks\HorizontalLinks.csproj", "{23C6B9F2-7FEC-4475-B030-C10D0B3F1A41}"
EndProject
Project("{FAE04EC0-301F-11D3-BF4B-00C04F79EFBC}") = "DriveCircle", "DriveCircle\DriveCircle.csproj", "{3F333E81-DC55-4F3A-A709-433D09FF8BF9}"
EndProject
Project("{2150E333-8FDC-42A3-9474-1A3956D46DE8}") = "QuickSort", "QuickSort", "{27F8EC7B-7D44-44E2-9592-86A976309F41}"
EndProject
Project("{FAE04EC0-301F-11D3-BF4B-00C04F79EFBC}") = "QuickSortAlgAndTests", "QuickSortAlgAndTests\QuickSortAlgAndTests.csproj", "{BBD6E58C-FA26-4659-BFA5-878F0AEA47C0}"
EndProject
Global
	GlobalSection(SolutionConfigurationPlatforms) = preSolution
		Debug|Any CPU = Debug|Any CPU
		Release|Any CPU = Release|Any CPU
	EndGlobalSection
	GlobalSection(ProjectConfigurationPlatforms) = postSolution
		{455B7AC2-3053-47C1-858F-164A25F9ACA3}.Debug|Any CPU.ActiveCfg = Debug|Any CPU
		{455B7AC2-3053-47C1-858F-164A25F9ACA3}.Debug|Any CPU.Build.0 = Debug|Any CPU
		{455B7AC2-3053-47C1-858F-164A25F9ACA3}.Release|Any CPU.ActiveCfg = Release|Any CPU
		{455B7AC2-3053-47C1-858F-164A25F9ACA3}.Release|Any CPU.Build.0 = Release|Any CPU
		{D9F87B59-68E1-44FC-BF5B-51794E619B8D}.Debug|Any CPU.ActiveCfg = Debug|Any CPU
		{D9F87B59-68E1-44FC-BF5B-51794E619B8D}.Debug|Any CPU.Build.0 = Debug|Any CPU
		{D9F87B59-68E1-44FC-BF5B-51794E619B8D}.Release|Any CPU.ActiveCfg = Release|Any CPU
		{D9F87B59-68E1-44FC-BF5B-51794E619B8D}.Release|Any CPU.Build.0 = Release|Any CPU
		{0DEECB92-E832-43F6-931F-8AEC6B27C390}.Debug|Any CPU.ActiveCfg = Debug|Any CPU
		{0DEECB92-E832-43F6-931F-8AEC6B27C390}.Debug|Any CPU.Build.0 = Debug|Any CPU
		{0DEECB92-E832-43F6-931F-8AEC6B27C390}.Release|Any CPU.ActiveCfg = Release|Any CPU
		{0DEECB92-E832-43F6-931F-8AEC6B27C390}.Release|Any CPU.Build.0 = Release|Any CPU
		{C610A0A7-EFEB-4F36-9BE8-542CB03F477B}.Debug|Any CPU.ActiveCfg = Debug|Any CPU
		{C610A0A7-EFEB-4F36-9BE8-542CB03F477B}.Debug|Any CPU.Build.0 = Debug|Any CPU
		{C610A0A7-EFEB-4F36-9BE8-542CB03F477B}.Release|Any CPU.ActiveCfg = Release|Any CPU
		{C610A0A7-EFEB-4F36-9BE8-542CB03F477B}.Release|Any CPU.Build.0 = Release|Any CPU
		{079B9DA9-6458-4E80-A1BC-2F2CFC7EC883}.Debug|Any CPU.ActiveCfg = Debug|Any CPU
		{079B9DA9-6458-4E80-A1BC-2F2CFC7EC883}.Debug|Any CPU.Build.0 = Debug|Any CPU
		{079B9DA9-6458-4E80-A1BC-2F2CFC7EC883}.Release|Any CPU.ActiveCfg = Release|Any CPU
		{079B9DA9-6458-4E80-A1BC-2F2CFC7EC883}.Release|Any CPU.Build.0 = Release|Any CPU
		{C5CB8401-B37C-4E04-B6A7-21A546B0811F}.Debug|Any CPU.ActiveCfg = Debug|Any CPU
		{C5CB8401-B37C-4E04-B6A7-21A546B0811F}.Debug|Any CPU.Build.0 = Debug|Any CPU
		{C5CB8401-B37C-4E04-B6A7-21A546B0811F}.Release|Any CPU.ActiveCfg = Release|Any CPU
		{C5CB8401-B37C-4E04-B6A7-21A546B0811F}.Release|Any CPU.Build.0 = Release|Any CPU
		{05CD5C94-8ACF-4D4E-9D41-3481C486B2D5}.Debug|Any CPU.ActiveCfg = Debug|Any CPU
		{05CD5C94-8ACF-4D4E-9D41-3481C486B2D5}.Debug|Any CPU.Build.0 = Debug|Any CPU
		{05CD5C94-8ACF-4D4E-9D41-3481C486B2D5}.Release|Any CPU.ActiveCfg = Release|Any CPU
		{05CD5C94-8ACF-4D4E-9D41-3481C486B2D5}.Release|Any CPU.Build.0 = Release|Any CPU
		{6ACED2A9-EBEF-45C1-BD7D-9B8275B06F48}.Debug|Any CPU.ActiveCfg = Debug|Any CPU
		{6ACED2A9-EBEF-45C1-BD7D-9B8275B06F48}.Debug|Any CPU.Build.0 = Debug|Any CPU
		{6ACED2A9-EBEF-45C1-BD7D-9B8275B06F48}.Release|Any CPU.ActiveCfg = Release|Any CPU
		{6ACED2A9-EBEF-45C1-BD7D-9B8275B06F48}.Release|Any CPU.Build.0 = Release|Any CPU
		{FF04F7F2-D84B-4D5F-A5F1-9003E3E610FD}.Debug|Any CPU.ActiveCfg = Debug|Any CPU
		{FF04F7F2-D84B-4D5F-A5F1-9003E3E610FD}.Debug|Any CPU.Build.0 = Debug|Any CPU
		{FF04F7F2-D84B-4D5F-A5F1-9003E3E610FD}.Release|Any CPU.ActiveCfg = Release|Any CPU
		{FF04F7F2-D84B-4D5F-A5F1-9003E3E610FD}.Release|Any CPU.Build.0 = Release|Any CPU
		{5F6BABF6-CC01-4688-A7E9-DC4C45D37855}.Debug|Any CPU.ActiveCfg = Debug|Any CPU
		{5F6BABF6-CC01-4688-A7E9-DC4C45D37855}.Debug|Any CPU.Build.0 = Debug|Any CPU
		{5F6BABF6-CC01-4688-A7E9-DC4C45D37855}.Release|Any CPU.ActiveCfg = Release|Any CPU
		{5F6BABF6-CC01-4688-A7E9-DC4C45D37855}.Release|Any CPU.Build.0 = Release|Any CPU
		{23C6B9F2-7FEC-4475-B030-C10D0B3F1A41}.Debug|Any CPU.ActiveCfg = Debug|Any CPU
		{23C6B9F2-7FEC-4475-B030-C10D0B3F1A41}.Debug|Any CPU.Build.0 = Debug|Any CPU
		{23C6B9F2-7FEC-4475-B030-C10D0B3F1A41}.Release|Any CPU.ActiveCfg = Release|Any CPU
		{23C6B9F2-7FEC-4475-B030-C10D0B3F1A41}.Release|Any CPU.Build.0 = Release|Any CPU
	EndGlobalSection
	GlobalSection(SolutionProperties) = preSolution
		HideSolutionNode = FALSE
	EndGlobalSection
	GlobalSection(NestedProjects) = preSolution
		{6ACED2A9-EBEF-45C1-BD7D-9B8275B06F48} = {22CC073A-2BC8-4838-90B9-32F49FDD6568}
		{FF04F7F2-D84B-4D5F-A5F1-9003E3E610FD} = {22CC073A-2BC8-4838-90B9-32F49FDD6568}
		{BBD6E58C-FA26-4659-BFA5-878F0AEA47C0} = {27F8EC7B-7D44-44E2-9592-86A976309F41}
	EndGlobalSection
EndGlobal
